
Microsoft Visual Studio Solution File, Format Version 12.00
# Visual Studio Version 17
VisualStudioVersion = 17.14.36301.6 d17.14
MinimumVisualStudioVersion = 10.0.40219.1
Project("{FAE04EC0-301F-11D3-BF4B-00C04F79EFBC}") = "OrderInvoiceSystem", "OrderInvoicSystem\OrderInvoiceSystem.csproj", "{B2F94DA7-6B49-41F5-A5E4-E760BA60C506}"
EndProject
Global
	GlobalSection(SolutionConfigurationPlatforms) = preSolution
		Debug|Any CPU = Debug|Any CPU
		Release|Any CPU = Release|Any CPU
	EndGlobalSection
	GlobalSection(ProjectConfigurationPlatforms) = postSolution
		{B2F94DA7-6B49-41F5-A5E4-E760BA60C506}.Debug|Any CPU.ActiveCfg = Debug|Any CPU
		{B2F94DA7-6B49-41F5-A5E4-E760BA60C506}.Debug|Any CPU.Build.0 = Debug|Any CPU
		{B2F94DA7-6B49-41F5-A5E4-E760BA60C506}.Release|Any CPU.ActiveCfg = Release|Any CPU
		{B2F94DA7-6B49-41F5-A5E4-E760BA60C506}.Release|Any CPU.Build.0 = Release|Any CPU
	EndGlobalSection
	GlobalSection(SolutionProperties) = preSolution
		HideSolutionNode = FALSE
	EndGlobalSection
	GlobalSection(ExtensibilityGlobals) = postSolution
		SolutionGuid = {25B580BB-3C39-4278-9BC2-1875459D4066}
	EndGlobalSection
EndGlobal
